PODS:
  - OktaAuthFoundation (1.4.0)
  - OktaIdx (3.0.8):
    - OktaAuthFoundation (~> 1.2)

DEPENDENCIES:
  - OktaIdx

SPEC REPOS:
  trunk:
    - OktaAuthFoundation
    - OktaIdx

SPEC CHECKSUMS:
  OktaAuthFoundation: def1a6e10f67d17dcdb43b659d7f51a5789d592e
  OktaIdx: 38f53fc271b794044566b2306fc9b5a5d6c521c7

PODFILE CHECKSUM: 1e76e8b6f897cda772e786b424322453acb87647

COCOAPODS: 1.11.3
